
Microsoft Visual Studio Solution File, Format Version 12.00
# Visual Studio 15
VisualStudioVersion = 15.0.27428.2015
MinimumVisualStudioVersion = 10.0.40219.1
Project("{F2A71F9B-5D33-465A-A702-920D77279786}") = "FSharpControl", "FSharpControl\FSharpControl.fsproj", "{C917DEA9-F919-46A7-A030-ED02E69823B1}"
EndProject
Project("{F2A71F9B-5D33-465A-A702-920D77279786}") = "Tests", "Tests\Tests.fsproj", "{DF9BDDBF-902D-4758-9C89-6D83FE51FCC6}"
	ProjectSection(ProjectDependencies) = postProject
		{C917DEA9-F919-46A7-A030-ED02E69823B1} = {C917DEA9-F919-46A7-A030-ED02E69823B1}
	EndProjectSection
EndProject
Global
	GlobalSection(SolutionConfigurationPlatforms) = preSolution
		Debug|Any CPU = Debug|Any CPU
		Release|Any CPU = Release|Any CPU
	EndGlobalSection
	GlobalSection(ProjectConfigurationPlatforms) = postSolution
		{C917DEA9-F919-46A7-A030-ED02E69823B1}.Debug|Any CPU.ActiveCfg = Debug|Any CPU
		{C917DEA9-F919-46A7-A030-ED02E69823B1}.Debug|Any CPU.Build.0 = Debug|Any CPU
		{C917DEA9-F919-46A7-A030-ED02E69823B1}.Release|Any CPU.ActiveCfg = Release|Any CPU
		{C917DEA9-F919-46A7-A030-ED02E69823B1}.Release|Any CPU.Build.0 = Release|Any CPU
		{DF9BDDBF-902D-4758-9C89-6D83FE51FCC6}.Debug|Any CPU.ActiveCfg = Debug|Any CPU
		{DF9BDDBF-902D-4758-9C89-6D83FE51FCC6}.Debug|Any CPU.Build.0 = Debug|Any CPU
		{DF9BDDBF-902D-4758-9C89-6D83FE51FCC6}.Release|Any CPU.ActiveCfg = Release|Any CPU
		{DF9BDDBF-902D-4758-9C89-6D83FE51FCC6}.Release|Any CPU.Build.0 = Release|Any CPU
	EndGlobalSection
	GlobalSection(SolutionProperties) = preSolution
		HideSolutionNode = FALSE
	EndGlobalSection
	GlobalSection(ExtensibilityGlobals) = postSolution
		SolutionGuid = {8EACA6D3-E064-4F6E-A365-5369C419D1BC}
	EndGlobalSection
EndGlobal
